
Microsoft Visual Studio Solution File, Format Version 12.00
# Visual Studio 15
VisualStudioVersion = 15.0.27130.2010
MinimumVisualStudioVersion = 10.0.40219.1
Project("{FAE04EC0-301F-11D3-BF4B-00C04F79EFBC}") = "OldTimeSlalom", "TheOldTimeSlalomProject\OldTimeSlalom.csproj", "{EFDAB910-C025-42A7-8005-0B22A64B8DC3}"
EndProject
Global
	GlobalSection(SolutionConfigurationPlatforms) = preSolution
		Debug|x86 = Debug|x86
		Release|x86 = Release|x86
	EndGlobalSection
	GlobalSection(ProjectConfigurationPlatforms) = postSolution
		{EFDAB910-C025-42A7-8005-0B22A64B8DC3}.Debug|x86.ActiveCfg = Debug|x86
		{EFDAB910-C025-42A7-8005-0B22A64B8DC3}.Debug|x86.Build.0 = Debug|x86
		{EFDAB910-C025-42A7-8005-0B22A64B8DC3}.Release|x86.ActiveCfg = Release|x86
		{EFDAB910-C025-42A7-8005-0B22A64B8DC3}.Release|x86.Build.0 = Release|x86
	EndGlobalSection
	GlobalSection(SolutionProperties) = preSolution
		HideSolutionNode = FALSE
	EndGlobalSection
	GlobalSection(ExtensibilityGlobals) = postSolution
		SolutionGuid = {4BA1B925-F0A6-4FC4-9728-1D1C52CAF905}
	EndGlobalSection
EndGlobal
